
Microsoft Visual Studio Solution File, Format Version 12.00
# Visual Studio 14
VisualStudioVersion = 14.0.23107.0
MinimumVisualStudioVersion = 10.0.40219.1
Project("{FAE04EC0-301F-11D3-BF4B-00C04F79EFBC}") = "KantoorInrichting", "KantoorInrichting\KantoorInrichting.csproj", "{703650D8-9F61-44F5-83F3-16DA7F86C6DA}"
EndProject
Project("{FAE04EC0-301F-11D3-BF4B-00C04F79EFBC}") = "KantoorInrichting_Test", "KantoorInrichting_Test\KantoorInrichting_Test.csproj", "{8DECDFEA-13BD-49D3-B95A-1C8552ABA3A6}"
EndProject
Global
	GlobalSection(SolutionConfigurationPlatforms) = preSolution
		Debug|Any CPU = Debug|Any CPU
		Release|Any CPU = Release|Any CPU
	EndGlobalSection
	GlobalSection(ProjectConfigurationPlatforms) = postSolution
		{703650D8-9F61-44F5-83F3-16DA7F86C6DA}.Debug|Any CPU.ActiveCfg = Debug|Any CPU
		{703650D8-9F61-44F5-83F3-16DA7F86C6DA}.Debug|Any CPU.Build.0 = Debug|Any CPU
		{703650D8-9F61-44F5-83F3-16DA7F86C6DA}.Release|Any CPU.ActiveCfg = Release|Any CPU
		{703650D8-9F61-44F5-83F3-16DA7F86C6DA}.Release|Any CPU.Build.0 = Release|Any CPU
		{8DECDFEA-13BD-49D3-B95A-1C8552ABA3A6}.Debug|Any CPU.ActiveCfg = Debug|Any CPU
		{8DECDFEA-13BD-49D3-B95A-1C8552ABA3A6}.Debug|Any CPU.Build.0 = Debug|Any CPU
		{8DECDFEA-13BD-49D3-B95A-1C8552ABA3A6}.Release|Any CPU.ActiveCfg = Release|Any CPU
		{8DECDFEA-13BD-49D3-B95A-1C8552ABA3A6}.Release|Any CPU.Build.0 = Release|Any CPU
	EndGlobalSection
	GlobalSection(SolutionProperties) = preSolution
		HideSolutionNode = FALSE
	EndGlobalSection
EndGlobal
